{
  "version": 4,
  "terraform_version": "1.13.4",
  "serial": 335,
  "lineage": "8b7bcd42-31a5-3a5f-8169-5e2da8cc6318",
  "outputs": {
    "alb_arn": {
      "value": "arn:aws:elasticloadbalancing:us-east-1:636477547504:loadbalancer/app/zero-trust-alb/a1563c9112a2397c",
      "type": "string"
    },
    "alb_dns_name": {
      "value": "zero-trust-alb-636132396.us-east-1.elb.amazonaws.com",
      "type": "string"
    },
    "alb_security_group_id": {
      "value": "sg-0a502f88485219829",
      "type": "string"
    },
    "app_security_group_id": {
      "value": "sg-0c8f72056ee7e9b32",
      "type": "string"
    },
    "attacker_instance_ids": {
      "value": [
        "i-0fd95b5f40f4748ee"
      ],
      "type": [
        "tuple",
        [
          "string"
        ]
      ]
    },
    "db_instance_ids": {
      "value": [
        "i-078ebdda785318e21"
      ],
      "type": [
        "tuple",
        [
          "string"
        ]
      ]
    },
    "db_security_group_id": {
      "value": "sg-0e82ee682278466e5",
      "type": "string"
    },
    "private_subnet_ids": {
      "value": [
        "subnet-0a676ed86725eba2d",
        "subnet-0fbf53ef973e7c2e0"
      ],
      "type": [
        "tuple",
        [
          "string",
          "string"
        ]
      ]
    },
    "public_subnet_ids": {
      "value": [
        "subnet-0032feb30d35ea73d",
        "subnet-0dd3bf58cd9c0894c"
      ],
      "type": [
        "tuple",
        [
          "string",
          "string"
        ]
      ]
    },
    "vpc_id": {
      "value": "vpc-00354982b59e5334f",
      "type": "string"
    },
    "web_instance_ids": {
      "value": [
        "i-0d9a4610d925f7bed",
        "i-085d502a66a9514f6"
      ],
      "type": [
        "tuple",
        [
          "string",
          "string"
        ]
      ]
    },
    "web_security_group_id": {
      "value": "sg-06e5befafe17a2e43",
      "type": "string"
    }
  },
  "resources": [
    {
      "module": "module.security_enhancements",
      "mode": "managed",
      "type": "aws_guardduty_detector",
      "name": "zero_trust",
      "provider": "provider[\"registry.terraform.io/hashicorp/aws\"]",
      "instances": [
        {
          "schema_version": 0,
          "attributes": {
            "account_id": "636477547504",
            "arn": "arn:aws:guardduty:us-east-1:636477547504:detector/ae92220c27aa4baaa1f1c6330fd4b0fe",
            "datasources": [
              {
                "kubernetes": [
                  {
                    "audit_logs": [
                      {
                        "enable": true
                      }
                    ]
                  }
                ],
                "malware_protection": [
                  {
                    "scan_ec2_instance_with_findings": [
                      {
                        "ebs_volumes": [
                          {
                            "enable": true
                          }
                        ]
                      }
                    ]
                  }
                ],
                "s3_logs": [
                  {
                    "enable": true
                  }
                ]
              }
            ],
            "enable": true,
            "finding_publishing_frequency": "SIX_HOURS",
            "id": "ae92220c27aa4baaa1f1c6330fd4b0fe",
            "tags": {
              "Environment": "dev",
              "Project": "Zero-Trust-Architecture",
              "Repository": "https://github.com/yourusername/aws-zero-trust",
              "Terraform": "true"
            },
            "tags_all": {
              "Environment": "dev",
              "Project": "Zero-Trust-Architecture",
              "Repository": "https://github.com/yourusername/aws-zero-trust",
              "Terraform": "true"
            }
          },
          "sensitive_attributes": [],
          "identity_schema_version": 0,
          "private": "bnVsbA==",
          "dependencies": [
            "module.zero_trust_base.aws_iam_instance_profile.ec2_profile",
            "module.zero_trust_base.aws_iam_role.ec2_role",
            "module.zero_trust_base.aws_iam_role_policy.ec2_basic_policy",
            "module.zero_trust_base.aws_instance.attacker",
            "module.zero_trust_base.aws_instance.database",
            "module.zero_trust_base.aws_instance.web_servers",
            "module.zero_trust_base.aws_internet_gateway.igw",
            "module.zero_trust_base.aws_key_pair.zero_trust_key",
            "module.zero_trust_base.aws_lb.zero_trust_alb",
            "module.zero_trust_base.aws_lb_listener.http",
            "module.zero_trust_base.aws_lb_target_group.web_tier",
            "module.zero_trust_base.aws_lb_target_group_attachment.web",
            "module.zero_trust_base.aws_route_table.private",
            "module.zero_trust_base.aws_route_table.public",
            "module.zero_trust_base.aws_route_table_association.private",
            "module.zero_trust_base.aws_route_table_association.public",
            "module.zero_trust_base.aws_security_group.app_sg",
            "module.zero_trust_base.aws_security_group.db_sg",
            "module.zero_trust_base.aws_security_group.web_sg",
            "module.zero_trust_base.aws_security_group.zt_gateway_sg",
            "module.zero_trust_base.aws_subnet.private",
            "module.zero_trust_base.aws_subnet.public",
            "module.zero_trust_base.aws_vpc.zero_trust_vpc",
            "module.zero_trust_base.data.aws_ami.amazon_linux_2",
            "module.zero_trust_base.data.aws_availability_zones.available",
            "module.zero_trust_base.data.aws_secretsmanager_secret.ssh_key",
            "module.zero_trust_base.data.aws_secretsmanager_secret_version.ssh_key"
          ]
        }
      ]
    },
    {
      "module": "module.security_enhancements",
      "mode": "managed",
      "type": "aws_sns_topic",
      "name": "security_alerts",
      "provider": "provider[\"registry.terraform.io/hashicorp/aws\"]",
      "instances": [
        {
          "schema_version": 0,
          "attributes": {
            "application_failure_feedback_role_arn": "",
            "application_success_feedback_role_arn": "",
            "application_success_feedback_sample_rate": 0,
            "arn": "arn:aws:sns:us-east-1:636477547504:zero-trust-security-alerts-dev",
            "content_based_deduplication": false,
            "delivery_policy": "",
            "display_name": "",
            "fifo_topic": false,
            "firehose_failure_feedback_role_arn": "",
            "firehose_success_feedback_role_arn": "",
            "firehose_success_feedback_sample_rate": 0,
            "http_failure_feedback_role_arn": "",
            "http_success_feedback_role_arn": "",
            "http_success_feedback_sample_rate": 0,
            "id": "arn:aws:sns:us-east-1:636477547504:zero-trust-security-alerts-dev",
            "kms_master_key_id": "",
            "lambda_failure_feedback_role_arn": "",
            "lambda_success_feedback_role_arn": "",
            "lambda_success_feedback_sample_rate": 0,
            "name": "zero-trust-security-alerts-dev",
            "name_prefix": "",
            "owner": "636477547504",
            "policy": "{\"Id\":\"__default_policy_ID\",\"Statement\":[{\"Action\":[\"SNS:GetTopicAttributes\",\"SNS:SetTopicAttributes\",\"SNS:AddPermission\",\"SNS:RemovePermission\",\"SNS:DeleteTopic\",\"SNS:Subscribe\",\"SNS:ListSubscriptionsByTopic\",\"SNS:Publish\"],\"Condition\":{\"StringEquals\":{\"AWS:SourceOwner\":\"636477547504\"}},\"Effect\":\"Allow\",\"Principal\":{\"AWS\":\"*\"},\"Resource\":\"arn:aws:sns:us-east-1:636477547504:zero-trust-security-alerts-dev\",\"Sid\":\"__default_statement_ID\"}],\"Version\":\"2008-10-17\"}",
            "signature_version": 0,
            "sqs_failure_feedback_role_arn": "",
            "sqs_success_feedback_role_arn": "",
            "sqs_success_feedback_sample_rate": 0,
            "tags": {
              "Environment": "dev",
              "Project": "Zero-Trust-Architecture",
              "Repository": "https://github.com/yourusername/aws-zero-trust",
              "Terraform": "true"
            },
            "tags_all": {
              "Environment": "dev",
              "Project": "Zero-Trust-Architecture",
              "Repository": "https://github.com/yourusername/aws-zero-trust",
              "Terraform": "true"
            },
            "tracing_config": ""
          },
          "sensitive_attributes": [],
          "identity_schema_version": 0,
          "private": "bnVsbA==",
          "dependencies": [
            "module.zero_trust_base.aws_iam_instance_profile.ec2_profile",
            "module.zero_trust_base.aws_iam_role.ec2_role",
            "module.zero_trust_base.aws_iam_role_policy.ec2_basic_policy",
            "module.zero_trust_base.aws_instance.attacker",
            "module.zero_trust_base.aws_instance.database",
            "module.zero_trust_base.aws_instance.web_servers",
            "module.zero_trust_base.aws_internet_gateway.igw",
            "module.zero_trust_base.aws_key_pair.zero_trust_key",
            "module.zero_trust_base.aws_lb.zero_trust_alb",
            "module.zero_trust_base.aws_lb_listener.http",
            "module.zero_trust_base.aws_lb_target_group.web_tier",
            "module.zero_trust_base.aws_lb_target_group_attachment.web",
            "module.zero_trust_base.aws_route_table.private",
            "module.zero_trust_base.aws_route_table.public",
            "module.zero_trust_base.aws_route_table_association.private",
            "module.zero_trust_base.aws_route_table_association.public",
            "module.zero_trust_base.aws_security_group.app_sg",
            "module.zero_trust_base.aws_security_group.db_sg",
            "module.zero_trust_base.aws_security_group.web_sg",
            "module.zero_trust_base.aws_security_group.zt_gateway_sg",
            "module.zero_trust_base.aws_subnet.private",
            "module.zero_trust_base.aws_subnet.public",
            "module.zero_trust_base.aws_vpc.zero_trust_vpc",
            "module.zero_trust_base.data.aws_ami.amazon_linux_2",
            "module.zero_trust_base.data.aws_availability_zones.available",
            "module.zero_trust_base.data.aws_secretsmanager_secret.ssh_key",
            "module.zero_trust_base.data.aws_secretsmanager_secret_version.ssh_key"
          ]
        }
      ]
    },
    {
      "module": "module.security_enhancements",
      "mode": "managed",
      "type": "aws_ssm_maintenance_window",
      "name": "patch_window",
      "provider": "provider[\"registry.terraform.io/hashicorp/aws\"]",
      "instances": [
        {
          "schema_version": 0,
          "attributes": {
            "allow_unassociated_targets": false,
            "cutoff": 1,
            "description": "",
            "duration": 3,
            "enabled": true,
            "end_date": "",
            "id": "mw-06a258a349a210915",
            "name": "zero-trust-patch-dev",
            "schedule": "cron(0 2 ? * SUN *)",
            "schedule_offset": 0,
            "schedule_timezone": "",
            "start_date": "",
            "tags": {
              "Environment": "dev",
              "Project": "Zero-Trust-Architecture",
              "Repository": "https://github.com/yourusername/aws-zero-trust",
              "Terraform": "true"
            },
            "tags_all": {
              "Environment": "dev",
              "Project": "Zero-Trust-Architecture",
              "Repository": "https://github.com/yourusername/aws-zero-trust",
              "Terraform": "true"
            }
          },
          "sensitive_attributes": [],
          "identity_schema_version": 0,
          "private": "bnVsbA==",
          "dependencies": [
            "module.zero_trust_base.aws_iam_instance_profile.ec2_profile",
            "module.zero_trust_base.aws_iam_role.ec2_role",
            "module.zero_trust_base.aws_iam_role_policy.ec2_basic_policy",
            "module.zero_trust_base.aws_instance.attacker",
            "module.zero_trust_base.aws_instance.database",
            "module.zero_trust_base.aws_instance.web_servers",
            "module.zero_trust_base.aws_internet_gateway.igw",
            "module.zero_trust_base.aws_key_pair.zero_trust_key",
            "module.zero_trust_base.aws_lb.zero_trust_alb",
            "module.zero_trust_base.aws_lb_listener.http",
            "module.zero_trust_base.aws_lb_target_group.web_tier",
            "module.zero_trust_base.aws_lb_target_group_attachment.web",
            "module.zero_trust_base.aws_route_table.private",
            "module.zero_trust_base.aws_route_table.public",
            "module.zero_trust_base.aws_route_table_association.private",
            "module.zero_trust_base.aws_route_table_association.public",
            "module.zero_trust_base.aws_security_group.app_sg",
            "module.zero_trust_base.aws_security_group.db_sg",
            "module.zero_trust_base.aws_security_group.web_sg",
            "module.zero_trust_base.aws_security_group.zt_gateway_sg",
            "module.zero_trust_base.aws_subnet.private",
            "module.zero_trust_base.aws_subnet.public",
            "module.zero_trust_base.aws_vpc.zero_trust_vpc",
            "module.zero_trust_base.data.aws_ami.amazon_linux_2",
            "module.zero_trust_base.data.aws_availability_zones.available",
            "module.zero_trust_base.data.aws_secretsmanager_secret.ssh_key",
            "module.zero_trust_base.data.aws_secretsmanager_secret_version.ssh_key"
          ]
        }
      ]
    },
    {
      "module": "module.security_enhancements",
      "mode": "managed",
      "type": "aws_ssm_patch_baseline",
      "name": "zero_trust",
      "provider": "provider[\"registry.terraform.io/hashicorp/aws\"]",
      "instances": [
        {
          "schema_version": 0,
          "attributes": {
            "approval_rule": [
              {
                "approve_after_days": 7,
                "approve_until_date": "",
                "compliance_level": "HIGH",
                "enable_non_security": true,
                "patch_filter": [
                  {
                    "key": "CLASSIFICATION",
                    "values": [
                      "Security",
                      "Bugfix"
                    ]
                  }
                ]
              }
            ],
            "approved_patches": [],
            "approved_patches_compliance_level": "UNSPECIFIED",
            "approved_patches_enable_non_security": false,
            "arn": "arn:aws:ssm:us-east-1:636477547504:patchbaseline/pb-0c55d5558be94181d",
            "description": "Zero Trust Patch Baseline for EC2 instances",
            "global_filter": [
              {
                "key": "SEVERITY",
                "values": [
                  "Critical",
                  "Important",
                  "Medium"
                ]
              }
            ],
            "id": "pb-0c55d5558be94181d",
            "name": "ZeroTrustPatchBaseline-dev",
            "operating_system": "AMAZON_LINUX_2",
            "rejected_patches": [],
            "rejected_patches_action": "ALLOW_AS_DEPENDENCY",
            "source": [],
            "tags": {
              "Environment": "dev",
              "Project": "Zero-Trust-Architecture",
              "Repository": "https://github.com/yourusername/aws-zero-trust",
              "Terraform": "true"
            },
            "tags_all": {
              "Environment": "dev",
              "Project": "Zero-Trust-Architecture",
              "Repository": "https://github.com/yourusername/aws-zero-trust",
              "Terraform": "true"
            }
          },
          "sensitive_attributes": [],
          "identity_schema_version": 0,
          "private": "bnVsbA==",
          "dependencies": [
            "module.zero_trust_base.aws_iam_instance_profile.ec2_profile",
            "module.zero_trust_base.aws_iam_role.ec2_role",
            "module.zero_trust_base.aws_iam_role_policy.ec2_basic_policy",
            "module.zero_trust_base.aws_instance.attacker",
            "module.zero_trust_base.aws_instance.database",
            "module.zero_trust_base.aws_instance.web_servers",
            "module.zero_trust_base.aws_internet_gateway.igw",
            "module.zero_trust_base.aws_key_pair.zero_trust_key",
            "module.zero_trust_base.aws_lb.zero_trust_alb",
            "module.zero_trust_base.aws_lb_listener.http",
            "module.zero_trust_base.aws_lb_target_group.web_tier",
            "module.zero_trust_base.aws_lb_target_group_attachment.web",
            "module.zero_trust_base.aws_route_table.private",
            "module.zero_trust_base.aws_route_table.public",
            "module.zero_trust_base.aws_route_table_association.private",
            "module.zero_trust_base.aws_route_table_association.public",
            "module.zero_trust_base.aws_security_group.app_sg",
            "module.zero_trust_base.aws_security_group.db_sg",
            "module.zero_trust_base.aws_security_group.web_sg",
            "module.zero_trust_base.aws_security_group.zt_gateway_sg",
            "module.zero_trust_base.aws_subnet.private",
            "module.zero_trust_base.aws_subnet.public",
            "module.zero_trust_base.aws_vpc.zero_trust_vpc",
            "module.zero_trust_base.data.aws_ami.amazon_linux_2",
            "module.zero_trust_base.data.aws_availability_zones.available",
            "module.zero_trust_base.data.aws_secretsmanager_secret.ssh_key",
            "module.zero_trust_base.data.aws_secretsmanager_secret_version.ssh_key"
          ]
        }
      ]
    },
    {
      "module": "module.security_enhancements",
      "mode": "managed",
      "type": "aws_wafv2_web_acl",
      "name": "zero_trust_waf",
      "provider": "provider[\"registry.terraform.io/hashicorp/aws\"]",
      "instances": [
        {
          "schema_version": 0,
          "attributes": {
            "arn": "arn:aws:wafv2:us-east-1:636477547504:regional/webacl/zero-trust-waf-dev/c8d6d4ff-f75c-49b0-8f97-9755fc063537",
            "capacity": 702,
            "captcha_config": [],
            "custom_response_body": [],
            "default_action": [
              {
                "allow": [
                  {
                    "custom_request_handling": []
                  }
                ],
                "block": []
              }
            ],
            "description": "Zero Trust WAF for application protection",
            "id": "c8d6d4ff-f75c-49b0-8f97-9755fc063537",
            "lock_token": "b98b1541-b73c-4618-b7e2-c126318438d9",
            "name": "zero-trust-waf-dev",
            "rule": [
              {
                "action": [
                  {
                    "allow": [],
                    "block": [
                      {
                        "custom_response": []
                      }
                    ],
                    "captcha": [],
                    "challenge": [],
                    "count": []
                  }
                ],
                "captcha_config": [],
                "name": "RateLimit",
                "override_action": [],
                "priority": 2,
                "rule_label": [],
                "statement": [
                  {
                    "and_statement": [],
                    "byte_match_statement": [],
                    "geo_match_statement": [],
                    "ip_set_reference_statement": [],
                    "label_match_statement": [],
                    "managed_rule_group_statement": [],
                    "not_statement": [],
                    "or_statement": [],
                    "rate_based_statement": [
                      {
                        "aggregate_key_type": "IP",
                        "forwarded_ip_config": [],
                        "limit": 2000,
                        "scope_down_statement": []
                      }
                    ],
                    "regex_match_statement": [],
                    "regex_pattern_set_reference_statement": [],
                    "rule_group_reference_statement": [],
                    "size_constraint_statement": [],
                    "sqli_match_statement": [],
                    "xss_match_statement": []
                  }
                ],
                "visibility_config": [
                  {
                    "cloudwatch_metrics_enabled": true,
                    "metric_name": "RateLimit",
                    "sampled_requests_enabled": true
                  }
                ]
              },
              {
                "action": [],
                "captcha_config": [],
                "name": "AWSManagedRulesCommonRuleSet",
                "override_action": [
                  {
                    "count": [],
                    "none": [
                      {}
                    ]
                  }
                ],
                "priority": 1,
                "rule_label": [],
                "statement": [
                  {
                    "and_statement": [],
                    "byte_match_statement": [],
                    "geo_match_statement": [],
                    "ip_set_reference_statement": [],
                    "label_match_statement": [],
                    "managed_rule_group_statement": [
                      {
                        "excluded_rule": [],
                        "managed_rule_group_configs": [],
                        "name": "AWSManagedRulesCommonRuleSet",
                        "rule_action_override": [],
                        "scope_down_statement": [],
                        "vendor_name": "AWS",
                        "version": ""
                      }
                    ],
                    "not_statement": [],
                    "or_statement": [],
                    "rate_based_statement": [],
                    "regex_match_statement": [],
                    "regex_pattern_set_reference_statement": [],
                    "rule_group_reference_statement": [],
                    "size_constraint_statement": [],
                    "sqli_match_statement": [],
                    "xss_match_statement": []
                  }
                ],
                "visibility_config": [
                  {
                    "cloudwatch_metrics_enabled": true,
                    "metric_name": "AWSManagedRulesCommonRuleSet",
                    "sampled_requests_enabled": true
                  }
                ]
              }
            ],
            "scope": "REGIONAL",
            "tags": {
              "Environment": "dev",
              "Project": "Zero-Trust-Architecture",
              "Repository": "https://github.com/yourusername/aws-zero-trust",
              "Terraform": "true"
            },
            "tags_all": {
              "Environment": "dev",
              "Project": "Zero-Trust-Architecture",
              "Repository": "https://github.com/yourusername/aws-zero-trust",
              "Terraform": "true"
            },
            "token_domains": [],
            "visibility_config": [
              {
                "cloudwatch_metrics_enabled": true,
                "metric_name": "zero-trust-waf",
                "sampled_requests_enabled": true
              }
            ]
          },
          "sensitive_attributes": [],
          "identity_schema_version": 0,
          "private": "bnVsbA==",
          "dependencies": [
            "module.zero_trust_base.aws_iam_instance_profile.ec2_profile",
            "module.zero_trust_base.aws_iam_role.ec2_role",
            "module.zero_trust_base.aws_iam_role_policy.ec2_basic_policy",
            "module.zero_trust_base.aws_instance.attacker",
            "module.zero_trust_base.aws_instance.database",
            "module.zero_trust_base.aws_instance.web_servers",
            "module.zero_trust_base.aws_internet_gateway.igw",
            "module.zero_trust_base.aws_key_pair.zero_trust_key",
            "module.zero_trust_base.aws_lb.zero_trust_alb",
            "module.zero_trust_base.aws_lb_listener.http",
            "module.zero_trust_base.aws_lb_target_group.web_tier",
            "module.zero_trust_base.aws_lb_target_group_attachment.web",
            "module.zero_trust_base.aws_route_table.private",
            "module.zero_trust_base.aws_route_table.public",
            "module.zero_trust_base.aws_route_table_association.private",
            "module.zero_trust_base.aws_route_table_association.public",
            "module.zero_trust_base.aws_security_group.app_sg",
            "module.zero_trust_base.aws_security_group.db_sg",
            "module.zero_trust_base.aws_security_group.web_sg",
            "module.zero_trust_base.aws_security_group.zt_gateway_sg",
            "module.zero_trust_base.aws_subnet.private",
            "module.zero_trust_base.aws_subnet.public",
            "module.zero_trust_base.aws_vpc.zero_trust_vpc",
            "module.zero_trust_base.data.aws_ami.amazon_linux_2",
            "module.zero_trust_base.data.aws_availability_zones.available",
            "module.zero_trust_base.data.aws_secretsmanager_secret.ssh_key",
            "module.zero_trust_base.data.aws_secretsmanager_secret_version.ssh_key"
          ]
        }
      ]
    },
    {
      "module": "module.zero_trust_base",
      "mode": "data",
      "type": "aws_ami",
      "name": "amazon_linux_2",
      "provider": "provider[\"registry.terraform.io/hashicorp/aws\"]",
      "instances": [
        {
          "schema_version": 0,
          "attributes": {
            "architecture": "x86_64",
            "arn": "arn:aws:ec2:us-east-1::image/ami-06dd5c911c0d8dcdc",
            "block_device_mappings": [
              {
                "device_name": "/dev/xvda",
                "ebs": {
                  "delete_on_termination": "true",
                  "encrypted": "false",
                  "iops": "0",
                  "snapshot_id": "snap-06ff35e134cdd7137",
                  "throughput": "0",
                  "volume_size": "8",
                  "volume_type": "gp2"
                },
                "no_device": "",
                "virtual_name": ""
              }
            ],
            "boot_mode": "",
            "creation_date": "2025-11-04T21:26:43.000Z",
            "deprecation_time": "2026-02-02T00:00:00.000Z",
            "description": "Amazon Linux 2 AMI 2.0.20251105.0 x86_64 HVM gp2",
            "ena_support": true,
            "executable_users": null,
            "filter": [
              {
                "name": "name",
                "values": [
                  "amzn2-ami-hvm-*-x86_64-gp2"
                ]
              },
              {
                "name": "virtualization-type",
                "values": [
                  "hvm"
                ]
              }
            ],
            "hypervisor": "xen",
            "id": "ami-06dd5c911c0d8dcdc",
            "image_id": "ami-06dd5c911c0d8dcdc",
            "image_location": "amazon/amzn2-ami-hvm-2.0.20251105.0-x86_64-gp2",
            "image_owner_alias": "amazon",
            "image_type": "machine",
            "imds_support": "",
            "include_deprecated": false,
            "kernel_id": "",
            "most_recent": true,
            "name": "amzn2-ami-hvm-2.0.20251105.0-x86_64-gp2",
            "name_regex": null,
            "owner_id": "137112412989",
            "owners": [
              "amazon"
            ],
            "platform": "",
            "platform_details": "Linux/UNIX",
            "product_codes": [],
            "public": true,
            "ramdisk_id": "",
            "root_device_name": "/dev/xvda",
            "root_device_type": "ebs",
            "root_snapshot_id": "snap-06ff35e134cdd7137",
            "sriov_net_support": "simple",
            "state": "available",
            "state_reason": {
              "code": "UNSET",
              "message": "UNSET"
            },
            "tags": {},
            "timeouts": null,
            "tpm_support": "",
            "usage_operation": "RunInstances",
            "virtualization_type": "hvm"
          },
          "sensitive_attributes": [],
          "identity_schema_version": 0
        }
      ]
    },
    {
      "module": "module.zero_trust_base",
      "mode": "data",
      "type": "aws_availability_zones",
      "name": "available",
      "provider": "provider[\"registry.terraform.io/hashicorp/aws\"]",
      "instances": [
        {
          "schema_version": 0,
          "attributes": {
            "all_availability_zones": null,
            "exclude_names": null,
            "exclude_zone_ids": null,
            "filter": null,
            "group_names": [
              "us-east-1-zg-1"
            ],
            "id": "us-east-1",
            "names": [
              "us-east-1a",
              "us-east-1b",
              "us-east-1c",
              "us-east-1d",
              "us-east-1e",
              "us-east-1f"
            ],
            "state": "available",
            "timeouts": null,
            "zone_ids": [
              "use1-az6",
              "use1-az1",
              "use1-az2",
              "use1-az4",
              "use1-az3",
              "use1-az5"
            ]
          },
          "sensitive_attributes": [],
          "identity_schema_version": 0
        }
      ]
    },
    {
      "module": "module.zero_trust_base",
      "mode": "data",
      "type": "aws_secretsmanager_secret",
      "name": "ssh_key",
      "provider": "provider[\"registry.terraform.io/hashicorp/aws\"]",
      "instances": [
        {
          "schema_version": 0,
          "attributes": {
            "arn": "arn:aws:secretsmanager:us-east-1:636477547504:secret:prod/ssh/zero-trust-key-R2Corc",
            "description": "Private SSH key for zero-trust access",
            "id": "arn:aws:secretsmanager:us-east-1:636477547504:secret:prod/ssh/zero-trust-key-R2Corc",
            "kms_key_id": "",
            "name": "prod/ssh/zero-trust-key",
            "policy": "",
            "rotation_enabled": false,
            "rotation_lambda_arn": "",
            "rotation_rules": [],
            "tags": {}
          },
          "sensitive_attributes": [],
          "identity_schema_version": 0
        }
      ]
    },
    {
      "module": "module.zero_trust_base",
      "mode": "data",
      "type": "aws_secretsmanager_secret_version",
      "name": "ssh_key",
      "provider": "provider[\"registry.terraform.io/hashicorp/aws\"]",
      "instances": [
        {
          "schema_version": 0,
          "attributes": {
            "arn": "arn:aws:secretsmanager:us-east-1:636477547504:secret:prod/ssh/zero-trust-key-R2Corc",
            "id": "arn:aws:secretsmanager:us-east-1:636477547504:secret:prod/ssh/zero-trust-key-R2Corc|AWSCURRENT",
            "secret_binary": "",
            "secret_id": "arn:aws:secretsmanager:us-east-1:636477547504:secret:prod/ssh/zero-trust-key-R2Corc",
            "secret_string": "ssh-rsa AAAAB3NzaC1yc2EAAAADAQABAAABAQCshYKIU5LjYojO7sATjiPMEh7XOKmYzwXPZjILnbzR+Zn3QgpOJoy9THryswJzKczxaJ2we7CUdylAs5bJEHlGpbF7KxCJ2Kn8BLNmwPhbuUO3aZ6roaCzNG2GfPA+Tkl1UkCRA3nhW+I4KD1bY9VBy0KzDm4/O0p5LqL1wOzjqEcb+0QhrM9LLqDV1+1fYwPPz0N0KhSTms0nSUCQ2EtNvAKQ6DXHv9smUlXHrGFFkB/A+4GRTlZjBfA6f0CIjUpPx7LYauRyWfFoHhOKZ6DEGWH7SfEvrNpeuSGYQGfIH67N84lGEo39pfRHTtqIzOIsvSMGphmqy53vSurFXdBJ",
            "version_id": "0b3aa617-7233-446d-94af-09e5d2a0a349",
            "version_stage": "AWSCURRENT",
            "version_stages": [
              "AWSCURRENT"
            ]
          },
          "sensitive_attributes": [
            [
              {
                "type": "get_attr",
                "value": "secret_binary"
              }
            ],
            [
              {
                "type": "get_attr",
                "value": "secret_string"
              }
            ]
          ],
          "identity_schema_version": 0
        }
      ]
    },
    {
      "module": "module.zero_trust_base",
      "mode": "managed",
      "type": "aws_iam_instance_profile",
      "name": "ec2_profile",
      "provider": "provider[\"registry.terraform.io/hashicorp/aws\"]",
      "instances": [
        {
          "schema_version": 0,
          "attributes": {
            "arn": "arn:aws:iam::636477547504:instance-profile/zero-trust-ec2-profile",
            "create_date": "2025-11-10T04:00:59Z",
            "id": "zero-trust-ec2-profile",
            "name": "zero-trust-ec2-profile",
            "name_prefix": "",
            "path": "/",
            "role": "zero-trust-ec2-role",
            "tags": {},
            "tags_all": {},
            "unique_id": "AIPAZIMIEUPYB4XDLY3MV"
          },
          "sensitive_attributes": [],
          "identity_schema_version": 0,
          "private": "bnVsbA==",
          "dependencies": [
            "module.zero_trust_base.aws_iam_role.ec2_role"
          ]
        }
      ]
    },
    {
      "module": "module.zero_trust_base",
      "mode": "managed",
      "type": "aws_iam_role",
      "name": "ec2_role",
      "provider": "provider[\"registry.terraform.io/hashicorp/aws\"]",
      "instances": [
        {
          "schema_version": 0,
          "attributes": {
            "arn": "arn:aws:iam::636477547504:role/zero-trust-ec2-role",
            "assume_role_policy": "{\"Statement\":[{\"Action\":\"sts:AssumeRole\",\"Effect\":\"Allow\",\"Principal\":{\"Service\":\"ec2.amazonaws.com\"}}],\"Version\":\"2012-10-17\"}",
            "create_date": "2025-11-10T04:00:58Z",
            "description": "",
            "force_detach_policies": false,
            "id": "zero-trust-ec2-role",
            "inline_policy": [
              {
                "name": "ec2-basic-policy",
                "policy": "{\"Version\":\"2012-10-17\",\"Statement\":[{\"Action\":[\"logs:PutLogEvents\",\"logs:CreateLogStream\",\"logs:DescribeLogGroups\",\"logs:DescribeLogStreams\"],\"Effect\":\"Allow\",\"Resource\":\"*\"}]}"
              }
            ],
            "managed_policy_arns": [],
            "max_session_duration": 3600,
            "name": "zero-trust-ec2-role",
            "name_prefix": "",
            "path": "/",
            "permissions_boundary": null,
            "role_last_used": [
              {
                "last_used_date": "",
                "region": ""
              }
            ],
            "tags": {
              "Project": "zero-trust-poc"
            },
            "tags_all": {
              "Project": "zero-trust-poc"
            },
            "unique_id": "AROAZIMIEUPYEP2ZZUHMC"
          },
          "sensitive_attributes": [],
          "identity_schema_version": 0,
          "private": "bnVsbA=="
        }
      ]
    },
    {
      "module": "module.zero_trust_base",
      "mode": "managed",
      "type": "aws_iam_role_policy",
      "name": "ec2_basic_policy",
      "provider": "provider[\"registry.terraform.io/hashicorp/aws\"]",
      "instances": [
        {
          "schema_version": 0,
          "attributes": {
            "id": "zero-trust-ec2-role:ec2-basic-policy",
            "name": "ec2-basic-policy",
            "name_prefix": null,
            "policy": "{\"Version\":\"2012-10-17\",\"Statement\":[{\"Action\":[\"logs:PutLogEvents\",\"logs:CreateLogStream\",\"logs:DescribeLogGroups\",\"logs:DescribeLogStreams\"],\"Effect\":\"Allow\",\"Resource\":\"*\"}]}",
            "role": "zero-trust-ec2-role"
          },
          "sensitive_attributes": [],
          "identity_schema_version": 0,
          "private": "bnVsbA==",
          "dependencies": [
            "module.zero_trust_base.aws_iam_role.ec2_role"
          ]
        }
      ]
    },
    {
      "module": "module.zero_trust_base",
      "mode": "managed",
      "type": "aws_instance",
      "name": "attacker",
      "provider": "provider[\"registry.terraform.io/hashicorp/aws\"]",
      "instances": [
        {
          "schema_version": 1,
          "attributes": {
            "ami": "ami-06dd5c911c0d8dcdc",
            "arn": "arn:aws:ec2:us-east-1:636477547504:instance/i-0fd95b5f40f4748ee",
            "associate_public_ip_address": true,
            "availability_zone": "us-east-1a",
            "capacity_reservation_specification": [
              {
                "capacity_reservation_preference": "open",
                "capacity_reservation_target": []
              }
            ],
            "cpu_core_count": 1,
            "cpu_options": [
              {
                "amd_sev_snp": "",
                "core_count": 1,
                "threads_per_core": 1
              }
            ],
            "cpu_threads_per_core": 1,
            "credit_specification": [
              {
                "cpu_credits": "standard"
              }
            ],
            "disable_api_stop": false,
            "disable_api_termination": false,
            "ebs_block_device": [],
            "ebs_optimized": false,
            "enclave_options": [
              {
                "enabled": false
              }
            ],
            "ephemeral_block_device": [],
            "get_password_data": false,
            "hibernation": false,
            "host_id": "",
            "host_resource_group_arn": null,
            "iam_instance_profile": "",
            "id": "i-0fd95b5f40f4748ee",
            "instance_initiated_shutdown_behavior": "stop",
            "instance_state": "running",
            "instance_type": "t2.micro",
            "ipv6_address_count": 0,
            "ipv6_addresses": [],
            "key_name": "zero-trust-key",
            "launch_template": [],
            "maintenance_options": [
              {
                "auto_recovery": "default"
              }
            ],
            "metadata_options": [
              {
                "http_endpoint": "enabled",
                "http_put_response_hop_limit": 1,
                "http_tokens": "optional",
                "instance_metadata_tags": "disabled"
              }
            ],
            "monitoring": false,
            "network_interface": [],
            "outpost_arn": "",
            "password_data": "",
            "placement_group": "",
            "placement_partition_number": 0,
            "primary_network_interface_id": "eni-03f1c3b838b00194e",
            "private_dns": "ip-10-0-0-82.ec2.internal",
            "private_dns_name_options": [
              {
                "enable_resource_name_dns_a_record": false,
                "enable_resource_name_dns_aaaa_record": false,
                "hostname_type": "ip-name"
              }
            ],
            "private_ip": "10.0.0.82",
            "public_dns": "ec2-98-91-212-77.compute-1.amazonaws.com",
            "public_ip": "98.91.212.77",
            "root_block_device": [
              {
                "delete_on_termination": true,
                "device_name": "/dev/xvda",
                "encrypted": false,
                "iops": 100,
                "kms_key_id": "",
                "tags": {},
                "throughput": 0,
                "volume_id": "vol-0695a8b6167fada19",
                "volume_size": 8,
                "volume_type": "gp2"
              }
            ],
            "secondary_private_ips": [],
            "security_groups": [],
            "source_dest_check": true,
            "subnet_id": "subnet-0032feb30d35ea73d",
            "tags": {
              "Name": "attacker-test-instance",
              "Purpose": "Security Testing"
            },
            "tags_all": {
              "Name": "attacker-test-instance",
              "Purpose": "Security Testing"
            },
            "tenancy": "default",
            "timeouts": null,
            "user_data": "8d05e44fa131bd3a205acbeb105ad8aca3bebe61",
            "user_data_base64": null,
            "user_data_replace_on_change": false,
            "volume_tags": null,
            "vpc_security_group_ids": [
              "sg-0a502f88485219829"
            ]
          },
          "sensitive_attributes": [],
          "identity_schema_version": 0,
          "private": "eyJlMmJmYjczMC1lY2FhLTExZTYtOGY4OC0zNDM2M2JjN2M0YzAiOnsiY3JlYXRlIjo2MDAwMDAwMDAwMDAsImRlbGV0ZSI6MTIwMDAwMDAwMDAwMCwidXBkYXRlIjo2MDAwMDAwMDAwMDB9LCJzY2hlbWFfdmVyc2lvbiI6IjEifQ==",
          "dependencies": [
            "module.zero_trust_base.aws_key_pair.zero_trust_key",
            "module.zero_trust_base.aws_security_group.zt_gateway_sg",
            "module.zero_trust_base.aws_subnet.public",
            "module.zero_trust_base.aws_vpc.zero_trust_vpc",
            "module.zero_trust_base.data.aws_ami.amazon_linux_2",
            "module.zero_trust_base.data.aws_availability_zones.available",
            "module.zero_trust_base.data.aws_secretsmanager_secret.ssh_key",
            "module.zero_trust_base.data.aws_secretsmanager_secret_version.ssh_key"
          ]
        }
      ]
    },
    {
      "module": "module.zero_trust_base",
      "mode": "managed",
      "type": "aws_instance",
      "name": "database",
      "provider": "provider[\"registry.terraform.io/hashicorp/aws\"]",
      "instances": [
        {
          "schema_version": 1,
          "attributes": {
            "ami": "ami-06dd5c911c0d8dcdc",
            "arn": "arn:aws:ec2:us-east-1:636477547504:instance/i-078ebdda785318e21",
            "associate_public_ip_address": false,
            "availability_zone": "us-east-1a",
            "capacity_reservation_specification": [
              {
                "capacity_reservation_preference": "open",
                "capacity_reservation_target": []
              }
            ],
            "cpu_core_count": 1,
            "cpu_options": [
              {
                "amd_sev_snp": "",
                "core_count": 1,
                "threads_per_core": 1
              }
            ],
            "cpu_threads_per_core": 1,
            "credit_specification": [
              {
                "cpu_credits": "standard"
              }
            ],
            "disable_api_stop": false,
            "disable_api_termination": false,
            "ebs_block_device": [],
            "ebs_optimized": false,
            "enclave_options": [
              {
                "enabled": false
              }
            ],
            "ephemeral_block_device": [],
            "get_password_data": false,
            "hibernation": false,
            "host_id": "",
            "host_resource_group_arn": null,
            "iam_instance_profile": "",
            "id": "i-078ebdda785318e21",
            "instance_initiated_shutdown_behavior": "stop",
            "instance_state": "running",
            "instance_type": "t2.micro",
            "ipv6_address_count": 0,
            "ipv6_addresses": [],
            "key_name": "zero-trust-key",
            "launch_template": [],
            "maintenance_options": [
              {
                "auto_recovery": "default"
              }
            ],
            "metadata_options": [
              {
                "http_endpoint": "enabled",
                "http_put_response_hop_limit": 1,
                "http_tokens": "optional",
                "instance_metadata_tags": "disabled"
              }
            ],
            "monitoring": false,
            "network_interface": [],
            "outpost_arn": "",
            "password_data": "",
            "placement_group": "",
            "placement_partition_number": 0,
            "primary_network_interface_id": "eni-0ff7106269d4ae5d5",
            "private_dns": "ip-10-0-10-158.ec2.internal",
            "private_dns_name_options": [
              {
                "enable_resource_name_dns_a_record": false,
                "enable_resource_name_dns_aaaa_record": false,
                "hostname_type": "ip-name"
              }
            ],
            "private_ip": "10.0.10.158",
            "public_dns": "",
            "public_ip": "",
            "root_block_device": [
              {
                "delete_on_termination": true,
                "device_name": "/dev/xvda",
                "encrypted": false,
                "iops": 100,
                "kms_key_id": "",
                "tags": {},
                "throughput": 0,
                "volume_id": "vol-0c2a44ed9bdceeae5",
                "volume_size": 8,
                "volume_type": "gp2"
              }
            ],
            "secondary_private_ips": [],
            "security_groups": [],
            "source_dest_check": true,
            "subnet_id": "subnet-0a676ed86725eba2d",
            "tags": {
              "Name": "database-server",
              "Tier": "Database"
            },
            "tags_all": {
              "Name": "database-server",
              "Tier": "Database"
            },
            "tenancy": "default",
            "timeouts": null,
            "user_data": "27b0fee66e1d412e75b5b8437823a123a6d9f5b4",
            "user_data_base64": null,
            "user_data_replace_on_change": false,
            "volume_tags": null,
            "vpc_security_group_ids": [
              "sg-0e82ee682278466e5"
            ]
          },
          "sensitive_attributes": [],
          "identity_schema_version": 0,
          "private": "eyJlMmJmYjczMC1lY2FhLTExZTYtOGY4OC0zNDM2M2JjN2M0YzAiOnsiY3JlYXRlIjo2MDAwMDAwMDAwMDAsImRlbGV0ZSI6MTIwMDAwMDAwMDAwMCwidXBkYXRlIjo2MDAwMDAwMDAwMDB9LCJzY2hlbWFfdmVyc2lvbiI6IjEifQ==",
          "dependencies": [
            "module.zero_trust_base.aws_key_pair.zero_trust_key",
            "module.zero_trust_base.aws_security_group.app_sg",
            "module.zero_trust_base.aws_security_group.db_sg",
            "module.zero_trust_base.aws_security_group.web_sg",
            "module.zero_trust_base.aws_security_group.zt_gateway_sg",
            "module.zero_trust_base.aws_subnet.private",
            "module.zero_trust_base.aws_vpc.zero_trust_vpc",
            "module.zero_trust_base.data.aws_ami.amazon_linux_2",
            "module.zero_trust_base.data.aws_availability_zones.available",
            "module.zero_trust_base.data.aws_secretsmanager_secret.ssh_key",
            "module.zero_trust_base.data.aws_secretsmanager_secret_version.ssh_key"
          ]
        }
      ]
    },
    {
      "module": "module.zero_trust_base",
      "mode": "managed",
      "type": "aws_instance",
      "name": "web_servers",
      "provider": "provider[\"registry.terraform.io/hashicorp/aws\"]",
      "instances": [
        {
          "index_key": "web-1",
          "schema_version": 1,
          "attributes": {
            "ami": "ami-06dd5c911c0d8dcdc",
            "arn": "arn:aws:ec2:us-east-1:636477547504:instance/i-0d9a4610d925f7bed",
            "associate_public_ip_address": true,
            "availability_zone": "us-east-1a",
            "capacity_reservation_specification": [
              {
                "capacity_reservation_preference": "open",
                "capacity_reservation_target": []
              }
            ],
            "cpu_core_count": 1,
            "cpu_options": [
              {
                "amd_sev_snp": "",
                "core_count": 1,
                "threads_per_core": 1
              }
            ],
            "cpu_threads_per_core": 1,
            "credit_specification": [
              {
                "cpu_credits": "standard"
              }
            ],
            "disable_api_stop": false,
            "disable_api_termination": false,
            "ebs_block_device": [],
            "ebs_optimized": false,
            "enclave_options": [
              {
                "enabled": false
              }
            ],
            "ephemeral_block_device": [],
            "get_password_data": false,
            "hibernation": false,
            "host_id": "",
            "host_resource_group_arn": null,
            "iam_instance_profile": "",
            "id": "i-0d9a4610d925f7bed",
            "instance_initiated_shutdown_behavior": "stop",
            "instance_state": "running",
            "instance_type": "t2.micro",
            "ipv6_address_count": 0,
            "ipv6_addresses": [],
            "key_name": "zero-trust-key",
            "launch_template": [],
            "maintenance_options": [
              {
                "auto_recovery": "default"
              }
            ],
            "metadata_options": [
              {
                "http_endpoint": "enabled",
                "http_put_response_hop_limit": 1,
                "http_tokens": "optional",
                "instance_metadata_tags": "disabled"
              }
            ],
            "monitoring": false,
            "network_interface": [],
            "outpost_arn": "",
            "password_data": "",
            "placement_group": "",
            "placement_partition_number": 0,
            "primary_network_interface_id": "eni-0eb54046837d9c949",
            "private_dns": "ip-10-0-0-141.ec2.internal",
            "private_dns_name_options": [
              {
                "enable_resource_name_dns_a_record": false,
                "enable_resource_name_dns_aaaa_record": false,
                "hostname_type": "ip-name"
              }
            ],
            "private_ip": "10.0.0.141",
            "public_dns": "ec2-54-162-227-84.compute-1.amazonaws.com",
            "public_ip": "54.162.227.84",
            "root_block_device": [
              {
                "delete_on_termination": true,
                "device_name": "/dev/xvda",
                "encrypted": false,
                "iops": 100,
                "kms_key_id": "",
                "tags": {},
                "throughput": 0,
                "volume_id": "vol-0423968376f9dc372",
                "volume_size": 8,
                "volume_type": "gp2"
              }
            ],
            "secondary_private_ips": [],
            "security_groups": [],
            "source_dest_check": true,
            "subnet_id": "subnet-0032feb30d35ea73d",
            "tags": {
              "Name": "web-1",
              "Tier": "Web"
            },
            "tags_all": {
              "Name": "web-1",
              "Tier": "Web"
            },
            "tenancy": "default",
            "timeouts": null,
            "user_data": "bdbb445fc4c20c9038ecb50e9e9a2e4dbf5ab6d0",
            "user_data_base64": null,
            "user_data_replace_on_change": true,
            "volume_tags": null,
            "vpc_security_group_ids": [
              "sg-06e5befafe17a2e43"
            ]
          },
          "sensitive_attributes": [],
          "identity_schema_version": 0,
          "private": "eyJlMmJmYjczMC1lY2FhLTExZTYtOGY4OC0zNDM2M2JjN2M0YzAiOnsiY3JlYXRlIjo2MDAwMDAwMDAwMDAsImRlbGV0ZSI6MTIwMDAwMDAwMDAwMCwidXBkYXRlIjo2MDAwMDAwMDAwMDB9LCJzY2hlbWFfdmVyc2lvbiI6IjEifQ==",
          "dependencies": [
            "module.zero_trust_base.aws_key_pair.zero_trust_key",
            "module.zero_trust_base.aws_security_group.web_sg",
            "module.zero_trust_base.aws_security_group.zt_gateway_sg",
            "module.zero_trust_base.aws_subnet.public",
            "module.zero_trust_base.aws_vpc.zero_trust_vpc",
            "module.zero_trust_base.data.aws_ami.amazon_linux_2",
            "module.zero_trust_base.data.aws_availability_zones.available",
            "module.zero_trust_base.data.aws_secretsmanager_secret.ssh_key",
            "module.zero_trust_base.data.aws_secretsmanager_secret_version.ssh_key"
          ]
        },
        {
          "index_key": "web-2",
          "schema_version": 1,
          "attributes": {
            "ami": "ami-06dd5c911c0d8dcdc",
            "arn": "arn:aws:ec2:us-east-1:636477547504:instance/i-085d502a66a9514f6",
            "associate_public_ip_address": true,
            "availability_zone": "us-east-1b",
            "capacity_reservation_specification": [
              {
                "capacity_reservation_preference": "open",
                "capacity_reservation_target": []
              }
            ],
            "cpu_core_count": 1,
            "cpu_options": [
              {
                "amd_sev_snp": "",
                "core_count": 1,
                "threads_per_core": 1
              }
            ],
            "cpu_threads_per_core": 1,
            "credit_specification": [
              {
                "cpu_credits": "standard"
              }
            ],
            "disable_api_stop": false,
            "disable_api_termination": false,
            "ebs_block_device": [],
            "ebs_optimized": false,
            "enclave_options": [
              {
                "enabled": false
              }
            ],
            "ephemeral_block_device": [],
            "get_password_data": false,
            "hibernation": false,
            "host_id": "",
            "host_resource_group_arn": null,
            "iam_instance_profile": "",
            "id": "i-085d502a66a9514f6",
            "instance_initiated_shutdown_behavior": "stop",
            "instance_state": "running",
            "instance_type": "t2.micro",
            "ipv6_address_count": 0,
            "ipv6_addresses": [],
            "key_name": "zero-trust-key",
            "launch_template": [],
            "maintenance_options": [
              {
                "auto_recovery": "default"
              }
            ],
            "metadata_options": [
              {
                "http_endpoint": "enabled",
                "http_put_response_hop_limit": 1,
                "http_tokens": "optional",
                "instance_metadata_tags": "disabled"
              }
            ],
            "monitoring": false,
            "network_interface": [],
            "outpost_arn": "",
            "password_data": "",
            "placement_group": "",
            "placement_partition_number": 0,
            "primary_network_interface_id": "eni-0ff632ee70556c599",
            "private_dns": "ip-10-0-1-93.ec2.internal",
            "private_dns_name_options": [
              {
                "enable_resource_name_dns_a_record": false,
                "enable_resource_name_dns_aaaa_record": false,
                "hostname_type": "ip-name"
              }
            ],
            "private_ip": "10.0.1.93",
            "public_dns": "ec2-44-213-111-166.compute-1.amazonaws.com",
            "public_ip": "44.213.111.166",
            "root_block_device": [
              {
                "delete_on_termination": true,
                "device_name": "/dev/xvda",
                "encrypted": false,
                "iops": 100,
                "kms_key_id": "",
                "tags": {},
                "throughput": 0,
                "volume_id": "vol-03774b1e0d5654df1",
                "volume_size": 8,
                "volume_type": "gp2"
              }
            ],
            "secondary_private_ips": [],
            "security_groups": [],
            "source_dest_check": true,
            "subnet_id": "subnet-0dd3bf58cd9c0894c",
            "tags": {
              "Name": "web-2",
              "Tier": "Web"
            },
            "tags_all": {
              "Name": "web-2",
              "Tier": "Web"
            },
            "tenancy": "default",
            "timeouts": null,
            "user_data": "20143b0f6664beb2496e3f398f2113f571bff4ff",
            "user_data_base64": null,
            "user_data_replace_on_change": true,
            "volume_tags": null,
            "vpc_security_group_ids": [
              "sg-06e5befafe17a2e43"
            ]
          },
          "sensitive_attributes": [],
          "identity_schema_version": 0,
          "private": "eyJlMmJmYjczMC1lY2FhLTExZTYtOGY4OC0zNDM2M2JjN2M0YzAiOnsiY3JlYXRlIjo2MDAwMDAwMDAwMDAsImRlbGV0ZSI6MTIwMDAwMDAwMDAwMCwidXBkYXRlIjo2MDAwMDAwMDAwMDB9LCJzY2hlbWFfdmVyc2lvbiI6IjEifQ==",
          "dependencies": [
            "module.zero_trust_base.aws_key_pair.zero_trust_key",
            "module.zero_trust_base.aws_security_group.web_sg",
            "module.zero_trust_base.aws_security_group.zt_gateway_sg",
            "module.zero_trust_base.aws_subnet.public",
            "module.zero_trust_base.aws_vpc.zero_trust_vpc",
            "module.zero_trust_base.data.aws_ami.amazon_linux_2",
            "module.zero_trust_base.data.aws_availability_zones.available",
            "module.zero_trust_base.data.aws_secretsmanager_secret.ssh_key",
            "module.zero_trust_base.data.aws_secretsmanager_secret_version.ssh_key"
          ]
        }
      ]
    },
    {
      "module": "module.zero_trust_base",
      "mode": "managed",
      "type": "aws_internet_gateway",
      "name": "igw",
      "provider": "provider[\"registry.terraform.io/hashicorp/aws\"]",
      "instances": [
        {
          "schema_version": 0,
          "attributes": {
            "arn": "arn:aws:ec2:us-east-1:636477547504:internet-gateway/igw-088c4504e10b9a27e",
            "id": "igw-088c4504e10b9a27e",
            "owner_id": "636477547504",
            "tags": {
              "Name": "zero-trust-igw"
            },
            "tags_all": {
              "Name": "zero-trust-igw"
            },
            "timeouts": null,
            "vpc_id": "vpc-00354982b59e5334f"
          },
          "sensitive_attributes": [],
          "identity_schema_version": 0,
          "private": "eyJlMmJmYjczMC1lY2FhLTExZTYtOGY4OC0zNDM2M2JjN2M0YzAiOnsiY3JlYXRlIjoxMjAwMDAwMDAwMDAwLCJkZWxldGUiOjEyMDAwMDAwMDAwMDAsInVwZGF0ZSI6MTIwMDAwMDAwMDAwMH19",
          "dependencies": [
            "module.zero_trust_base.aws_vpc.zero_trust_vpc"
          ]
        }
      ]
    },
    {
      "module": "module.zero_trust_base",
      "mode": "managed",
      "type": "aws_key_pair",
      "name": "zero_trust_key",
      "provider": "provider[\"registry.terraform.io/hashicorp/aws\"]",
      "instances": [
        {
          "schema_version": 1,
          "attributes": {
            "arn": "arn:aws:ec2:us-east-1:636477547504:key-pair/zero-trust-key",
            "fingerprint": "21:fe:3e:40:04:f8:e9:d7:97:a3:e5:01:fd:a3:ad:b1",
            "id": "zero-trust-key",
            "key_name": "zero-trust-key",
            "key_name_prefix": "",
            "key_pair_id": "key-0eb72f7ae5b65de4a",
            "key_type": "rsa",
            "public_key": "ssh-rsa AAAAB3NzaC1yc2EAAAADAQABAAABAQCshYKIU5LjYojO7sATjiPMEh7XOKmYzwXPZjILnbzR+Zn3QgpOJoy9THryswJzKczxaJ2we7CUdylAs5bJEHlGpbF7KxCJ2Kn8BLNmwPhbuUO3aZ6roaCzNG2GfPA+Tkl1UkCRA3nhW+I4KD1bY9VBy0KzDm4/O0p5LqL1wOzjqEcb+0QhrM9LLqDV1+1fYwPPz0N0KhSTms0nSUCQ2EtNvAKQ6DXHv9smUlXHrGFFkB/A+4GRTlZjBfA6f0CIjUpPx7LYauRyWfFoHhOKZ6DEGWH7SfEvrNpeuSGYQGfIH67N84lGEo39pfRHTtqIzOIsvSMGphmqy53vSurFXdBJ",
            "tags": {},
            "tags_all": {}
          },
          "sensitive_attributes": [
            [
              {
                "type": "get_attr",
                "value": "public_key"
              }
            ]
          ],
          "identity_schema_version": 0,
          "private": "eyJzY2hlbWFfdmVyc2lvbiI6IjEifQ==",
          "dependencies": [
            "module.zero_trust_base.data.aws_secretsmanager_secret.ssh_key",
            "module.zero_trust_base.data.aws_secretsmanager_secret_version.ssh_key"
          ]
        }
      ]
    },
    {
      "module": "module.zero_trust_base",
      "mode": "managed",
      "type": "aws_lb_target_group_attachment",
      "name": "web",
      "provider": "provider[\"registry.terraform.io/hashicorp/aws\"]",
      "instances": [
        {
          "index_key": "web-1",
          "schema_version": 0,
          "attributes": {
            "availability_zone": null,
            "id": "arn:aws:elasticloadbalancing:us-east-1:636477547504:targetgroup/web-tier-tg/e3a1bd469c864052-20251110040158332700000005",
            "port": 80,
            "target_group_arn": "arn:aws:elasticloadbalancing:us-east-1:636477547504:targetgroup/web-tier-tg/e3a1bd469c864052",
            "target_id": "i-0d9a4610d925f7bed"
          },
          "sensitive_attributes": [],
          "identity_schema_version": 0,
          "private": "bnVsbA==",
          "dependencies": [
            "module.zero_trust_base.aws_instance.web_servers",
            "module.zero_trust_base.aws_key_pair.zero_trust_key",
            "module.zero_trust_base.aws_lb_target_group.web_tier",
            "module.zero_trust_base.aws_security_group.web_sg",
            "module.zero_trust_base.aws_security_group.zt_gateway_sg",
            "module.zero_trust_base.aws_subnet.public",
            "module.zero_trust_base.aws_vpc.zero_trust_vpc",
            "module.zero_trust_base.data.aws_ami.amazon_linux_2",
            "module.zero_trust_base.data.aws_availability_zones.available",
            "module.zero_trust_base.data.aws_secretsmanager_secret.ssh_key",
            "module.zero_trust_base.data.aws_secretsmanager_secret_version.ssh_key"
          ]
        },
        {
          "index_key": "web-2",
          "schema_version": 0,
          "attributes": {
            "availability_zone": null,
            "id": "arn:aws:elasticloadbalancing:us-east-1:636477547504:targetgroup/web-tier-tg/e3a1bd469c864052-20251110040158516100000006",
            "port": 80,
            "target_group_arn": "arn:aws:elasticloadbalancing:us-east-1:636477547504:targetgroup/web-tier-tg/e3a1bd469c864052",
            "target_id": "i-085d502a66a9514f6"
          },
          "sensitive_attributes": [],
          "identity_schema_version": 0,
          "private": "bnVsbA==",
          "dependencies": [
            "module.zero_trust_base.aws_instance.web_servers",
            "module.zero_trust_base.aws_key_pair.zero_trust_key",
            "module.zero_trust_base.aws_lb_target_group.web_tier",
            "module.zero_trust_base.aws_security_group.web_sg",
            "module.zero_trust_base.aws_security_group.zt_gateway_sg",
            "module.zero_trust_base.aws_subnet.public",
            "module.zero_trust_base.aws_vpc.zero_trust_vpc",
            "module.zero_trust_base.data.aws_ami.amazon_linux_2",
            "module.zero_trust_base.data.aws_availability_zones.available",
            "module.zero_trust_base.data.aws_secretsmanager_secret.ssh_key",
            "module.zero_trust_base.data.aws_secretsmanager_secret_version.ssh_key"
          ]
        }
      ]
    },
    {
      "module": "module.zero_trust_base",
      "mode": "managed",
      "type": "aws_route_table",
      "name": "private",
      "provider": "provider[\"registry.terraform.io/hashicorp/aws\"]",
      "instances": [
        {
          "schema_version": 0,
          "attributes": {
            "arn": "arn:aws:ec2:us-east-1:636477547504:route-table/rtb-07fc6ea3bf8b614ed",
            "id": "rtb-07fc6ea3bf8b614ed",
            "owner_id": "636477547504",
            "propagating_vgws": [],
            "route": [],
            "tags": {
              "Name": "private-route-table"
            },
            "tags_all": {
              "Name": "private-route-table"
            },
            "timeouts": null,
            "vpc_id": "vpc-00354982b59e5334f"
          },
          "sensitive_attributes": [],
          "identity_schema_version": 0,
          "private": "eyJlMmJmYjczMC1lY2FhLTExZTYtOGY4OC0zNDM2M2JjN2M0YzAiOnsiY3JlYXRlIjozMDAwMDAwMDAwMDAsImRlbGV0ZSI6MzAwMDAwMDAwMDAwLCJ1cGRhdGUiOjEyMDAwMDAwMDAwMH19",
          "dependencies": [
            "module.zero_trust_base.aws_vpc.zero_trust_vpc"
          ]
        }
      ]
    },
    {
      "module": "module.zero_trust_base",
      "mode": "managed",
      "type": "aws_route_table",
      "name": "public",
      "provider": "provider[\"registry.terraform.io/hashicorp/aws\"]",
      "instances": [
        {
          "schema_version": 0,
          "attributes": {
            "arn": "arn:aws:ec2:us-east-1:636477547504:route-table/rtb-084ba76cec56eb3f1",
            "id": "rtb-084ba76cec56eb3f1",
            "owner_id": "636477547504",
            "propagating_vgws": [],
            "route": [
              {
                "carrier_gateway_id": "",
                "cidr_block": "0.0.0.0/0",
                "core_network_arn": "",
                "destination_prefix_list_id": "",
                "egress_only_gateway_id": "",
                "gateway_id": "igw-088c4504e10b9a27e",
                "instance_id": "",
                "ipv6_cidr_block": "",
                "local_gateway_id": "",
                "nat_gateway_id": "",
                "network_interface_id": "",
                "transit_gateway_id": "",
                "vpc_endpoint_id": "",
                "vpc_peering_connection_id": ""
              }
            ],
            "tags": {
              "Name": "public-route-table"
            },
            "tags_all": {
              "Name": "public-route-table"
            },
            "timeouts": null,
            "vpc_id": "vpc-00354982b59e5334f"
          },
          "sensitive_attributes": [],
          "identity_schema_version": 0,
          "private": "eyJlMmJmYjczMC1lY2FhLTExZTYtOGY4OC0zNDM2M2JjN2M0YzAiOnsiY3JlYXRlIjozMDAwMDAwMDAwMDAsImRlbGV0ZSI6MzAwMDAwMDAwMDAwLCJ1cGRhdGUiOjEyMDAwMDAwMDAwMH19",
          "dependencies": [
            "module.zero_trust_base.aws_internet_gateway.igw",
            "module.zero_trust_base.aws_vpc.zero_trust_vpc"
          ]
        }
      ]
    },
    {
      "module": "module.zero_trust_base",
      "mode": "managed",
      "type": "aws_route_table_association",
      "name": "private",
      "provider": "provider[\"registry.terraform.io/hashicorp/aws\"]",
      "instances": [
        {
          "index_key": 0,
          "schema_version": 0,
          "attributes": {
            "gateway_id": "",
            "id": "rtbassoc-0b0b559fa78cbe32e",
            "route_table_id": "rtb-07fc6ea3bf8b614ed",
            "subnet_id": "subnet-0a676ed86725eba2d",
            "timeouts": null
          },
          "sensitive_attributes": [],
          "identity_schema_version": 0,
          "private": "eyJlMmJmYjczMC1lY2FhLTExZTYtOGY4OC0zNDM2M2JjN2M0YzAiOnsiY3JlYXRlIjozMDAwMDAwMDAwMDAsImRlbGV0ZSI6MzAwMDAwMDAwMDAwLCJ1cGRhdGUiOjEyMDAwMDAwMDAwMH19",
          "dependencies": [
            "module.zero_trust_base.aws_route_table.private",
            "module.zero_trust_base.aws_subnet.private",
            "module.zero_trust_base.aws_vpc.zero_trust_vpc",
            "module.zero_trust_base.data.aws_availability_zones.available"
          ]
        },
        {
          "index_key": 1,
          "schema_version": 0,
          "attributes": {
            "gateway_id": "",
            "id": "rtbassoc-038ae2ca9957dd449",
            "route_table_id": "rtb-07fc6ea3bf8b614ed",
            "subnet_id": "subnet-0fbf53ef973e7c2e0",
            "timeouts": null
          },
          "sensitive_attributes": [],
          "identity_schema_version": 0,
          "private": "eyJlMmJmYjczMC1lY2FhLTExZTYtOGY4OC0zNDM2M2JjN2M0YzAiOnsiY3JlYXRlIjozMDAwMDAwMDAwMDAsImRlbGV0ZSI6MzAwMDAwMDAwMDAwLCJ1cGRhdGUiOjEyMDAwMDAwMDAwMH19",
          "dependencies": [
            "module.zero_trust_base.aws_route_table.private",
            "module.zero_trust_base.aws_subnet.private",
            "module.zero_trust_base.aws_vpc.zero_trust_vpc",
            "module.zero_trust_base.data.aws_availability_zones.available"
          ]
        }
      ]
    },
    {
      "module": "module.zero_trust_base",
      "mode": "managed",
      "type": "aws_route_table_association",
      "name": "public",
      "provider": "provider[\"registry.terraform.io/hashicorp/aws\"]",
      "instances": [
        {
          "index_key": 0,
          "schema_version": 0,
          "attributes": {
            "gateway_id": "",
            "id": "rtbassoc-0200f2824cc146c03",
            "route_table_id": "rtb-084ba76cec56eb3f1",
            "subnet_id": "subnet-0032feb30d35ea73d",
            "timeouts": null
          },
          "sensitive_attributes": [],
          "identity_schema_version": 0,
          "private": "eyJlMmJmYjczMC1lY2FhLTExZTYtOGY4OC0zNDM2M2JjN2M0YzAiOnsiY3JlYXRlIjozMDAwMDAwMDAwMDAsImRlbGV0ZSI6MzAwMDAwMDAwMDAwLCJ1cGRhdGUiOjEyMDAwMDAwMDAwMH19",
          "dependencies": [
            "module.zero_trust_base.aws_internet_gateway.igw",
            "module.zero_trust_base.aws_route_table.public",
            "module.zero_trust_base.aws_subnet.public",
            "module.zero_trust_base.aws_vpc.zero_trust_vpc",
            "module.zero_trust_base.data.aws_availability_zones.available"
          ]
        },
        {
          "index_key": 1,
          "schema_version": 0,
          "attributes": {
            "gateway_id": "",
            "id": "rtbassoc-016f5a8b047db5ba9",
            "route_table_id": "rtb-084ba76cec56eb3f1",
            "subnet_id": "subnet-0dd3bf58cd9c0894c",
            "timeouts": null
          },
          "sensitive_attributes": [],
          "identity_schema_version": 0,
          "private": "eyJlMmJmYjczMC1lY2FhLTExZTYtOGY4OC0zNDM2M2JjN2M0YzAiOnsiY3JlYXRlIjozMDAwMDAwMDAwMDAsImRlbGV0ZSI6MzAwMDAwMDAwMDAwLCJ1cGRhdGUiOjEyMDAwMDAwMDAwMH19",
          "dependencies": [
            "module.zero_trust_base.aws_internet_gateway.igw",
            "module.zero_trust_base.aws_route_table.public",
            "module.zero_trust_base.aws_subnet.public",
            "module.zero_trust_base.aws_vpc.zero_trust_vpc",
            "module.zero_trust_base.data.aws_availability_zones.available"
          ]
        }
      ]
    },
    {
      "module": "module.zero_trust_base",
      "mode": "managed",
      "type": "aws_security_group",
      "name": "app_sg",
      "provider": "provider[\"registry.terraform.io/hashicorp/aws\"]",
      "instances": [
        {
          "schema_version": 1,
          "attributes": {
            "arn": "arn:aws:ec2:us-east-1:636477547504:security-group/sg-0c8f72056ee7e9b32",
            "description": "Security group for app tier - only allows traffic from web tier",
            "egress": [
              {
                "cidr_blocks": [
                  "0.0.0.0/0"
                ],
                "description": "",
                "from_port": 0,
                "ipv6_cidr_blocks": [],
                "prefix_list_ids": [],
                "protocol": "-1",
                "security_groups": [],
                "self": false,
                "to_port": 0
              }
            ],
            "id": "sg-0c8f72056ee7e9b32",
            "ingress": [
              {
                "cidr_blocks": [
                  "0.0.0.0/0"
                ],
                "description": "SSH from anywhere (for management)",
                "from_port": 22,
                "ipv6_cidr_blocks": [],
                "prefix_list_ids": [],
                "protocol": "tcp",
                "security_groups": [],
                "self": false,
                "to_port": 22
              },
              {
                "cidr_blocks": [],
                "description": "App port only from web tier",
                "from_port": 8080,
                "ipv6_cidr_blocks": [],
                "prefix_list_ids": [],
                "protocol": "tcp",
                "security_groups": [
                  "sg-06e5befafe17a2e43"
                ],
                "self": false,
                "to_port": 8080
              }
            ],
            "name": "app-tier-sg",
            "name_prefix": "",
            "owner_id": "636477547504",
            "revoke_rules_on_delete": false,
            "tags": {
              "Name": "app-tier-sg"
            },
            "tags_all": {
              "Name": "app-tier-sg"
            },
            "timeouts": null,
            "vpc_id": "vpc-00354982b59e5334f"
          },
          "sensitive_attributes": [],
          "identity_schema_version": 0,
          "private": "eyJlMmJmYjczMC1lY2FhLTExZTYtOGY4OC0zNDM2M2JjN2M0YzAiOnsiY3JlYXRlIjo2MDAwMDAwMDAwMDAsImRlbGV0ZSI6OTAwMDAwMDAwMDAwfSwic2NoZW1hX3ZlcnNpb24iOiIxIn0=",
          "dependencies": [
            "module.zero_trust_base.aws_security_group.web_sg",
            "module.zero_trust_base.aws_security_group.zt_gateway_sg",
            "module.zero_trust_base.aws_vpc.zero_trust_vpc"
          ]
        }
      ]
    },
    {
      "module": "module.zero_trust_base",
      "mode": "managed",
      "type": "aws_security_group",
      "name": "db_sg",
      "provider": "provider[\"registry.terraform.io/hashicorp/aws\"]",
      "instances": [
        {
          "schema_version": 1,
          "attributes": {
            "arn": "arn:aws:ec2:us-east-1:636477547504:security-group/sg-0e82ee682278466e5",
            "description": "Security group for database tier - only allows traffic from app tier",
            "egress": [
              {
                "cidr_blocks": [
                  "0.0.0.0/0"
                ],
                "description": "",
                "from_port": 0,
                "ipv6_cidr_blocks": [],
                "prefix_list_ids": [],
                "protocol": "-1",
                "security_groups": [],
                "self": false,
                "to_port": 0
              }
            ],
            "id": "sg-0e82ee682278466e5",
            "ingress": [
              {
                "cidr_blocks": [
                  "0.0.0.0/0"
                ],
                "description": "SSH from anywhere (for management)",
                "from_port": 22,
                "ipv6_cidr_blocks": [],
                "prefix_list_ids": [],
                "protocol": "tcp",
                "security_groups": [],
                "self": false,
                "to_port": 22
              },
              {
                "cidr_blocks": [],
                "description": "MySQL only from app tier",
                "from_port": 3306,
                "ipv6_cidr_blocks": [],
                "prefix_list_ids": [],
                "protocol": "tcp",
                "security_groups": [
                  "sg-0c8f72056ee7e9b32"
                ],
                "self": false,
                "to_port": 3306
              }
            ],
            "name": "db-tier-sg",
            "name_prefix": "",
            "owner_id": "636477547504",
            "revoke_rules_on_delete": false,
            "tags": {
              "Name": "db-tier-sg"
            },
            "tags_all": {
              "Name": "db-tier-sg"
            },
            "timeouts": null,
            "vpc_id": "vpc-00354982b59e5334f"
          },
          "sensitive_attributes": [],
          "identity_schema_version": 0,
          "private": "eyJlMmJmYjczMC1lY2FhLTExZTYtOGY4OC0zNDM2M2JjN2M0YzAiOnsiY3JlYXRlIjo2MDAwMDAwMDAwMDAsImRlbGV0ZSI6OTAwMDAwMDAwMDAwfSwic2NoZW1hX3ZlcnNpb24iOiIxIn0=",
          "dependencies": [
            "module.zero_trust_base.aws_security_group.app_sg",
            "module.zero_trust_base.aws_security_group.web_sg",
            "module.zero_trust_base.aws_security_group.zt_gateway_sg",
            "module.zero_trust_base.aws_vpc.zero_trust_vpc"
          ]
        }
      ]
    },
    {
      "module": "module.zero_trust_base",
      "mode": "managed",
      "type": "aws_security_group",
      "name": "web_sg",
      "provider": "provider[\"registry.terraform.io/hashicorp/aws\"]",
      "instances": [
        {
          "schema_version": 1,
          "attributes": {
            "arn": "arn:aws:ec2:us-east-1:636477547504:security-group/sg-06e5befafe17a2e43",
            "description": "Security group for web tier - only allows traffic from ALB",
            "egress": [
              {
                "cidr_blocks": [
                  "0.0.0.0/0"
                ],
                "description": "",
                "from_port": 0,
                "ipv6_cidr_blocks": [],
                "prefix_list_ids": [],
                "protocol": "-1",
                "security_groups": [],
                "self": false,
                "to_port": 0
              }
            ],
            "id": "sg-06e5befafe17a2e43",
            "ingress": [
              {
                "cidr_blocks": [
                  "0.0.0.0/0"
                ],
                "description": "SSH from anywhere (for management)",
                "from_port": 22,
                "ipv6_cidr_blocks": [],
                "prefix_list_ids": [],
                "protocol": "tcp",
                "security_groups": [],
                "self": false,
                "to_port": 22
              },
              {
                "cidr_blocks": [],
                "description": "HTTP only from ALB",
                "from_port": 80,
                "ipv6_cidr_blocks": [],
                "prefix_list_ids": [],
                "protocol": "tcp",
                "security_groups": [
                  "sg-0a502f88485219829"
                ],
                "self": false,
                "to_port": 80
              }
            ],
            "name": "web-tier-sg",
            "name_prefix": "",
            "owner_id": "636477547504",
            "revoke_rules_on_delete": false,
            "tags": {
              "Name": "web-tier-sg"
            },
            "tags_all": {
              "Name": "web-tier-sg"
            },
            "timeouts": null,
            "vpc_id": "vpc-00354982b59e5334f"
          },
          "sensitive_attributes": [],
          "identity_schema_version": 0,
          "private": "eyJlMmJmYjczMC1lY2FhLTExZTYtOGY4OC0zNDM2M2JjN2M0YzAiOnsiY3JlYXRlIjo2MDAwMDAwMDAwMDAsImRlbGV0ZSI6OTAwMDAwMDAwMDAwfSwic2NoZW1hX3ZlcnNpb24iOiIxIn0=",
          "dependencies": [
            "module.zero_trust_base.aws_security_group.zt_gateway_sg",
            "module.zero_trust_base.aws_vpc.zero_trust_vpc"
          ]
        }
      ]
    },
    {
      "module": "module.zero_trust_base",
      "mode": "managed",
      "type": "aws_security_group",
      "name": "zt_gateway_sg",
      "provider": "provider[\"registry.terraform.io/hashicorp/aws\"]",
      "instances": [
        {
          "schema_version": 1,
          "attributes": {
            "arn": "arn:aws:ec2:us-east-1:636477547504:security-group/sg-0a502f88485219829",
            "description": "Security group for Zero Trust Gateway/ALB",
            "egress": [
              {
                "cidr_blocks": [
                  "0.0.0.0/0"
                ],
                "description": "",
                "from_port": 0,
                "ipv6_cidr_blocks": [],
                "prefix_list_ids": [],
                "protocol": "-1",
                "security_groups": [],
                "self": false,
                "to_port": 0
              }
            ],
            "id": "sg-0a502f88485219829",
            "ingress": [
              {
                "cidr_blocks": [
                  "0.0.0.0/0"
                ],
                "description": "HTTP from anywhere",
                "from_port": 80,
                "ipv6_cidr_blocks": [],
                "prefix_list_ids": [],
                "protocol": "tcp",
                "security_groups": [],
                "self": false,
                "to_port": 80
              },
              {
                "cidr_blocks": [
                  "0.0.0.0/0"
                ],
                "description": "HTTPS from anywhere",
                "from_port": 443,
                "ipv6_cidr_blocks": [],
                "prefix_list_ids": [],
                "protocol": "tcp",
                "security_groups": [],
                "self": false,
                "to_port": 443
              }
            ],
            "name": "zt-gateway-sg",
            "name_prefix": "",
            "owner_id": "636477547504",
            "revoke_rules_on_delete": false,
            "tags": {
              "Name": "zt-gateway-sg"
            },
            "tags_all": {
              "Name": "zt-gateway-sg"
            },
            "timeouts": null,
            "vpc_id": "vpc-00354982b59e5334f"
          },
          "sensitive_attributes": [],
          "identity_schema_version": 0,
          "private": "eyJlMmJmYjczMC1lY2FhLTExZTYtOGY4OC0zNDM2M2JjN2M0YzAiOnsiY3JlYXRlIjo2MDAwMDAwMDAwMDAsImRlbGV0ZSI6OTAwMDAwMDAwMDAwfSwic2NoZW1hX3ZlcnNpb24iOiIxIn0=",
          "dependencies": [
            "module.zero_trust_base.aws_vpc.zero_trust_vpc"
          ]
        }
      ]
    },
    {
      "module": "module.zero_trust_base",
      "mode": "managed",
      "type": "aws_subnet",
      "name": "private",
      "provider": "provider[\"registry.terraform.io/hashicorp/aws\"]",
      "instances": [
        {
          "index_key": 0,
          "schema_version": 1,
          "attributes": {
            "arn": "arn:aws:ec2:us-east-1:636477547504:subnet/subnet-0a676ed86725eba2d",
            "assign_ipv6_address_on_creation": false,
            "availability_zone": "us-east-1a",
            "availability_zone_id": "use1-az6",
            "cidr_block": "10.0.10.0/24",
            "customer_owned_ipv4_pool": "",
            "enable_dns64": false,
            "enable_lni_at_device_index": 0,
            "enable_resource_name_dns_a_record_on_launch": false,
            "enable_resource_name_dns_aaaa_record_on_launch": false,
            "id": "subnet-0a676ed86725eba2d",
            "ipv6_cidr_block": "",
            "ipv6_cidr_block_association_id": "",
            "ipv6_native": false,
            "map_customer_owned_ip_on_launch": false,
            "map_public_ip_on_launch": false,
            "outpost_arn": "",
            "owner_id": "636477547504",
            "private_dns_hostname_type_on_launch": "ip-name",
            "tags": {
              "Name": "private-subnet-1",
              "Type": "Private"
            },
            "tags_all": {
              "Name": "private-subnet-1",
              "Type": "Private"
            },
            "timeouts": null,
            "vpc_id": "vpc-00354982b59e5334f"
          },
          "sensitive_attributes": [],
          "identity_schema_version": 0,
          "private": "eyJlMmJmYjczMC1lY2FhLTExZTYtOGY4OC0zNDM2M2JjN2M0YzAiOnsiY3JlYXRlIjo2MDAwMDAwMDAwMDAsImRlbGV0ZSI6MTIwMDAwMDAwMDAwMH0sInNjaGVtYV92ZXJzaW9uIjoiMSJ9",
          "dependencies": [
            "module.zero_trust_base.aws_vpc.zero_trust_vpc",
            "module.zero_trust_base.data.aws_availability_zones.available"
          ]
        },
        {
          "index_key": 1,
          "schema_version": 1,
          "attributes": {
            "arn": "arn:aws:ec2:us-east-1:636477547504:subnet/subnet-0fbf53ef973e7c2e0",
            "assign_ipv6_address_on_creation": false,
            "availability_zone": "us-east-1b",
            "availability_zone_id": "use1-az1",
            "cidr_block": "10.0.11.0/24",
            "customer_owned_ipv4_pool": "",
            "enable_dns64": false,
            "enable_lni_at_device_index": 0,
            "enable_resource_name_dns_a_record_on_launch": false,
            "enable_resource_name_dns_aaaa_record_on_launch": false,
            "id": "subnet-0fbf53ef973e7c2e0",
            "ipv6_cidr_block": "",
            "ipv6_cidr_block_association_id": "",
            "ipv6_native": false,
            "map_customer_owned_ip_on_launch": false,
            "map_public_ip_on_launch": false,
            "outpost_arn": "",
            "owner_id": "636477547504",
            "private_dns_hostname_type_on_launch": "ip-name",
            "tags": {
              "Name": "private-subnet-2",
              "Type": "Private"
            },
            "tags_all": {
              "Name": "private-subnet-2",
              "Type": "Private"
            },
            "timeouts": null,
            "vpc_id": "vpc-00354982b59e5334f"
          },
          "sensitive_attributes": [],
          "identity_schema_version": 0,
          "private": "eyJlMmJmYjczMC1lY2FhLTExZTYtOGY4OC0zNDM2M2JjN2M0YzAiOnsiY3JlYXRlIjo2MDAwMDAwMDAwMDAsImRlbGV0ZSI6MTIwMDAwMDAwMDAwMH0sInNjaGVtYV92ZXJzaW9uIjoiMSJ9",
          "dependencies": [
            "module.zero_trust_base.aws_vpc.zero_trust_vpc",
            "module.zero_trust_base.data.aws_availability_zones.available"
          ]
        }
      ]
    },
    {
      "module": "module.zero_trust_base",
      "mode": "managed",
      "type": "aws_subnet",
      "name": "public",
      "provider": "provider[\"registry.terraform.io/hashicorp/aws\"]",
      "instances": [
        {
          "index_key": 0,
          "schema_version": 1,
          "attributes": {
            "arn": "arn:aws:ec2:us-east-1:636477547504:subnet/subnet-0032feb30d35ea73d",
            "assign_ipv6_address_on_creation": false,
            "availability_zone": "us-east-1a",
            "availability_zone_id": "use1-az6",
            "cidr_block": "10.0.0.0/24",
            "customer_owned_ipv4_pool": "",
            "enable_dns64": false,
            "enable_lni_at_device_index": 0,
            "enable_resource_name_dns_a_record_on_launch": false,
            "enable_resource_name_dns_aaaa_record_on_launch": false,
            "id": "subnet-0032feb30d35ea73d",
            "ipv6_cidr_block": "",
            "ipv6_cidr_block_association_id": "",
            "ipv6_native": false,
            "map_customer_owned_ip_on_launch": false,
            "map_public_ip_on_launch": true,
            "outpost_arn": "",
            "owner_id": "636477547504",
            "private_dns_hostname_type_on_launch": "ip-name",
            "tags": {
              "Name": "public-subnet-1",
              "Type": "Public"
            },
            "tags_all": {
              "Name": "public-subnet-1",
              "Type": "Public"
            },
            "timeouts": null,
            "vpc_id": "vpc-00354982b59e5334f"
          },
          "sensitive_attributes": [],
          "identity_schema_version": 0,
          "private": "eyJlMmJmYjczMC1lY2FhLTExZTYtOGY4OC0zNDM2M2JjN2M0YzAiOnsiY3JlYXRlIjo2MDAwMDAwMDAwMDAsImRlbGV0ZSI6MTIwMDAwMDAwMDAwMH0sInNjaGVtYV92ZXJzaW9uIjoiMSJ9",
          "dependencies": [
            "module.zero_trust_base.aws_vpc.zero_trust_vpc",
            "module.zero_trust_base.data.aws_availability_zones.available"
          ]
        },
        {
          "index_key": 1,
          "schema_version": 1,
          "attributes": {
            "arn": "arn:aws:ec2:us-east-1:636477547504:subnet/subnet-0dd3bf58cd9c0894c",
            "assign_ipv6_address_on_creation": false,
            "availability_zone": "us-east-1b",
            "availability_zone_id": "use1-az1",
            "cidr_block": "10.0.1.0/24",
            "customer_owned_ipv4_pool": "",
            "enable_dns64": false,
            "enable_lni_at_device_index": 0,
            "enable_resource_name_dns_a_record_on_launch": false,
            "enable_resource_name_dns_aaaa_record_on_launch": false,
            "id": "subnet-0dd3bf58cd9c0894c",
            "ipv6_cidr_block": "",
            "ipv6_cidr_block_association_id": "",
            "ipv6_native": false,
            "map_customer_owned_ip_on_launch": false,
            "map_public_ip_on_launch": true,
            "outpost_arn": "",
            "owner_id": "636477547504",
            "private_dns_hostname_type_on_launch": "ip-name",
            "tags": {
              "Name": "public-subnet-2",
              "Type": "Public"
            },
            "tags_all": {
              "Name": "public-subnet-2",
              "Type": "Public"
            },
            "timeouts": null,
            "vpc_id": "vpc-00354982b59e5334f"
          },
          "sensitive_attributes": [],
          "identity_schema_version": 0,
          "private": "eyJlMmJmYjczMC1lY2FhLTExZTYtOGY4OC0zNDM2M2JjN2M0YzAiOnsiY3JlYXRlIjo2MDAwMDAwMDAwMDAsImRlbGV0ZSI6MTIwMDAwMDAwMDAwMH0sInNjaGVtYV92ZXJzaW9uIjoiMSJ9",
          "dependencies": [
            "module.zero_trust_base.aws_vpc.zero_trust_vpc",
            "module.zero_trust_base.data.aws_availability_zones.available"
          ]
        }
      ]
    },
    {
      "module": "module.zero_trust_base",
      "mode": "managed",
      "type": "aws_vpc",
      "name": "zero_trust_vpc",
      "provider": "provider[\"registry.terraform.io/hashicorp/aws\"]",
      "instances": [
        {
          "schema_version": 1,
          "attributes": {
            "arn": "arn:aws:ec2:us-east-1:636477547504:vpc/vpc-00354982b59e5334f",
            "assign_generated_ipv6_cidr_block": false,
            "cidr_block": "10.0.0.0/16",
            "default_network_acl_id": "acl-0dc0a3251193d1fa2",
            "default_route_table_id": "rtb-00e56186d65be2f25",
            "default_security_group_id": "sg-07bea2c2d041d33c8",
            "dhcp_options_id": "dopt-029f3ff218e66ac6c",
            "enable_classiclink": false,
            "enable_classiclink_dns_support": false,
            "enable_dns_hostnames": true,
            "enable_dns_support": true,
            "enable_network_address_usage_metrics": false,
            "id": "vpc-00354982b59e5334f",
            "instance_tenancy": "default",
            "ipv4_ipam_pool_id": null,
            "ipv4_netmask_length": null,
            "ipv6_association_id": "",
            "ipv6_cidr_block": "",
            "ipv6_cidr_block_network_border_group": "",
            "ipv6_ipam_pool_id": "",
            "ipv6_netmask_length": 0,
            "main_route_table_id": "rtb-00e56186d65be2f25",
            "owner_id": "636477547504",
            "tags": {
              "Name": "zero-trust-poc-vpc"
            },
            "tags_all": {
              "Name": "zero-trust-poc-vpc"
            }
          },
          "sensitive_attributes": [],
          "identity_schema_version": 0,
          "private": "eyJzY2hlbWFfdmVyc2lvbiI6IjEifQ=="
        }
      ]
    }
  ],
  "check_results": null
}
